{
  "name": "lockfile-fixture",
  "version": "1.0.0",
  "lockfileVersion": 3,
  "requires": true,
  "packages": {
    "": {
      "name": "lockfile-fixture",
      "version": "1.0.0",
      "dependencies": {
        "chalk": "^5.3.0",
        "@scope/utils": "^1.0.0"
      },
      "devDependencies": {
        "typescript": "^5.0.0"
      }
    },
    "node_modules/chalk": {
      "version": "5.3.0",
      "resolved": "https://registry.npmjs.org/chalk/-/chalk-5.3.0.tgz",
      "integrity": "sha512-abc123",
      "license": "MIT"
    },
    "node_modules/@scope/utils": {
      "version": "1.2.0",
      "resolved": "https://registry.npmjs.org/@scope/utils/-/utils-1.2.0.tgz",
      "integrity": "sha512-def456",
      "license": "Apache-2.0",
      "dependencies": {
        "helper-lib": "^2.0.0"
      }
    },
    "node_modules/helper-lib": {
      "version": "2.1.0",
      "resolved": "https://registry.npmjs.org/helper-lib/-/helper-lib-2.1.0.tgz",
      "integrity": "sha512-ghi789",
      "license": "MIT"
    },
    "node_modules/typescript": {
      "version": "5.5.0",
      "resolved": "https://registry.npmjs.org/typescript/-/typescript-5.5.0.tgz",
      "integrity": "sha512-jkl012",
      "dev": true,
      "license": "Apache-2.0"
    },
    "node_modules/native-pkg": {
      "version": "3.0.0",
      "resolved": "https://registry.npmjs.org/native-pkg/-/native-pkg-3.0.0.tgz",
      "integrity": "sha512-mno345",
      "dependencies": {
        "node-gyp": "^10.0.0"
      }
    },
    "node_modules/node-gyp": {
      "version": "10.1.0",
      "resolved": "https://registry.npmjs.org/node-gyp/-/node-gyp-10.1.0.tgz",
      "integrity": "sha512-pqr678"
    },
    "node_modules/no-license-pkg": {
      "version": "0.1.0",
      "resolved": "https://registry.npmjs.org/no-license-pkg/-/no-license-pkg-0.1.0.tgz",
      "integrity": "sha512-stu901"
    },
    "node_modules/scripted-pkg": {
      "version": "1.0.0",
      "resolved": "https://registry.npmjs.org/scripted-pkg/-/scripted-pkg-1.0.0.tgz",
      "integrity": "sha512-vwx234",
      "license": "MIT",
      "hasInstallScript": true
    }
  }
}
